
Microsoft Visual Studio Solution File, Format Version 12.00
# Visual Studio Version 17
VisualStudioVersion = 17.10.34928.147
MinimumVisualStudioVersion = 10.0.40219.1
Project("{FAE04EC0-301F-11D3-BF4B-00C04F79EFBC}") = "SimpleTaskManagementSystem", "SimpleTaskManagementSystem\SimpleTaskManagementSystem.csproj", "{C35274E2-151F-4311-B119-070C4DB7211B}"
EndProject
Global
	GlobalSection(SolutionConfigurationPlatforms) = preSolution
		Debug|Any CPU = Debug|Any CPU
		Release|Any CPU = Release|Any CPU
	EndGlobalSection
	GlobalSection(ProjectConfigurationPlatforms) = postSolution
		{C35274E2-151F-4311-B119-070C4DB7211B}.Debug|Any CPU.ActiveCfg = Debug|Any CPU
		{C35274E2-151F-4311-B119-070C4DB7211B}.Debug|Any CPU.Build.0 = Debug|Any CPU
		{C35274E2-151F-4311-B119-070C4DB7211B}.Release|Any CPU.ActiveCfg = Release|Any CPU
		{C35274E2-151F-4311-B119-070C4DB7211B}.Release|Any CPU.Build.0 = Release|Any CPU
	EndGlobalSection
	GlobalSection(SolutionProperties) = preSolution
		HideSolutionNode = FALSE
	EndGlobalSection
	GlobalSection(ExtensibilityGlobals) = postSolution
		SolutionGuid = {FE2B47DC-9CB6-4472-878E-B978C8590E6A}
	EndGlobalSection
EndGlobal
